
Microsoft Visual Studio Solution File, Format Version 12.00
# Visual Studio Version 16
VisualStudioVersion = 16.0.29306.81
MinimumVisualStudioVersion = 10.0.40219.1
Project("{FAE04EC0-301F-11D3-BF4B-00C04F79EFBC}") = "WichtelGeneratorVisual", "WichtelGeneratorVisual.csproj", "{2C27CD2A-264F-489F-804E-4F57691AFD53}"
EndProject
Project("{FAE04EC0-301F-11D3-BF4B-00C04F79EFBC}") = "WichtelGenerator_Testing", "..\WichtelGenerator_Testing\WichtelGenerator_Testing.csproj", "{26D19697-C0E4-44A0-A25C-CD03B151F6EF}"
EndProject
Global
	GlobalSection(SolutionConfigurationPlatforms) = preSolution
		Debug|Any CPU = Debug|Any CPU
		Release|Any CPU = Release|Any CPU
	EndGlobalSection
	GlobalSection(ProjectConfigurationPlatforms) = postSolution
		{2C27CD2A-264F-489F-804E-4F57691AFD53}.Debug|Any CPU.ActiveCfg = Debug|Any CPU
		{2C27CD2A-264F-489F-804E-4F57691AFD53}.Debug|Any CPU.Build.0 = Debug|Any CPU
		{2C27CD2A-264F-489F-804E-4F57691AFD53}.Release|Any CPU.ActiveCfg = Release|Any CPU
		{2C27CD2A-264F-489F-804E-4F57691AFD53}.Release|Any CPU.Build.0 = Release|Any CPU
		{26D19697-C0E4-44A0-A25C-CD03B151F6EF}.Debug|Any CPU.ActiveCfg = Debug|Any CPU
		{26D19697-C0E4-44A0-A25C-CD03B151F6EF}.Debug|Any CPU.Build.0 = Debug|Any CPU
		{26D19697-C0E4-44A0-A25C-CD03B151F6EF}.Release|Any CPU.ActiveCfg = Release|Any CPU
		{26D19697-C0E4-44A0-A25C-CD03B151F6EF}.Release|Any CPU.Build.0 = Release|Any CPU
	EndGlobalSection
	GlobalSection(SolutionProperties) = preSolution
		HideSolutionNode = FALSE
	EndGlobalSection
	GlobalSection(ExtensibilityGlobals) = postSolution
		SolutionGuid = {D15FB52C-571E-4D49-94EE-AB99582184BD}
	EndGlobalSection
EndGlobal
