
Microsoft Visual Studio Solution File, Format Version 12.00
# Visual Studio Version 16
VisualStudioVersion = 16.0.29306.81
MinimumVisualStudioVersion = 10.0.40219.1
Project("{FAE04EC0-301F-11D3-BF4B-00C04F79EFBC}") = "WichtelGeneratorVisual", "WichtelGeneratorVisual.csproj", "{06D4C76F-C146-4477-850D-10448C8E5EF9}"
EndProject
Global
	GlobalSection(SolutionConfigurationPlatforms) = preSolution
		Debug|Any CPU = Debug|Any CPU
		Release|Any CPU = Release|Any CPU
	EndGlobalSection
	GlobalSection(ProjectConfigurationPlatforms) = postSolution
		{06D4C76F-C146-4477-850D-10448C8E5EF9}.Debug|Any CPU.ActiveCfg = Debug|Any CPU
		{06D4C76F-C146-4477-850D-10448C8E5EF9}.Debug|Any CPU.Build.0 = Debug|Any CPU
		{06D4C76F-C146-4477-850D-10448C8E5EF9}.Release|Any CPU.ActiveCfg = Release|Any CPU
		{06D4C76F-C146-4477-850D-10448C8E5EF9}.Release|Any CPU.Build.0 = Release|Any CPU
	EndGlobalSection
	GlobalSection(SolutionProperties) = preSolution
		HideSolutionNode = FALSE
	EndGlobalSection
	GlobalSection(ExtensibilityGlobals) = postSolution
		SolutionGuid = {EE1A5883-3345-4DFB-8A0C-29E0FEE9E2E1}
	EndGlobalSection
EndGlobal
